
Microsoft Visual Studio Solution File, Format Version 12.00
# Visual Studio Version 17
VisualStudioVersion = 17.5.33424.131
MinimumVisualStudioVersion = 10.0.40219.1
Project("{2150E333-8FDC-42A3-9474-1A3956D46DE8}") = "src", "src", "{C1A762F6-3A2D-469D-800A-8A08E8FDAB84}"
EndProject
Project("{2150E333-8FDC-42A3-9474-1A3956D46DE8}") = "Çözüm Öğeleri", "Çözüm Öğeleri", "{B44EAA75-33D7-4167-9EB7-31837C0B542D}"
	ProjectSection(SolutionItems) = preProject
		Readme.txt = Readme.txt
		ServiceUrls.txt = ServiceUrls.txt
	EndProjectSection
EndProject
Project("{2150E333-8FDC-42A3-9474-1A3956D46DE8}") = "ApiGateways", "ApiGateways", "{59B9A98F-486F-4B16-9319-6176FAD268C0}"
EndProject
Project("{2150E333-8FDC-42A3-9474-1A3956D46DE8}") = "BuildingBlocks", "BuildingBlocks", "{6D048092-C825-4F5C-8987-485BCB431E7D}"
EndProject
Project("{2150E333-8FDC-42A3-9474-1A3956D46DE8}") = "Services", "Services", "{0B761940-9C08-436A-B914-63911762BBF6}"
EndProject
Project("{2150E333-8FDC-42A3-9474-1A3956D46DE8}") = "Clients", "Clients", "{DF551271-DDC6-49E7-B378-F3BAFF393263}"
EndProject
Project("{2150E333-8FDC-42A3-9474-1A3956D46DE8}") = "WebApiGateway", "WebApiGateway", "{5E501B68-D9BF-4026-894F-0EF81AC7F883}"
EndProject
Project("{FAE04EC0-301F-11D3-BF4B-00C04F79EFBC}") = "Web.ApiGateway", "src\ApiGateways\WebApiGateway\Web.ApiGateway\Web.ApiGateway.csproj", "{0617EC4B-E3B6-4103-8966-16A3AEFC3138}"
EndProject
Project("{2150E333-8FDC-42A3-9474-1A3956D46DE8}") = "EventBus", "EventBus", "{259A2BF7-19F6-4579-9726-76FAB46FBFAC}"
EndProject
Project("{FAE04EC0-301F-11D3-BF4B-00C04F79EFBC}") = "EventBus.Base", "src\BuildingBlocks\EventBus\EventBus.Base\EventBus.Base.csproj", "{520AD01E-357B-4D9E-BB12-7F7C45CA20C0}"
EndProject
Project("{FAE04EC0-301F-11D3-BF4B-00C04F79EFBC}") = "EventBus.Factory", "src\BuildingBlocks\EventBus\EventBus.Factory\EventBus.Factory.csproj", "{03B6D6A0-AF4C-4791-91AE-DA72BD8F0727}"
EndProject
Project("{FAE04EC0-301F-11D3-BF4B-00C04F79EFBC}") = "EventBus.AzureServiceBus", "src\BuildingBlocks\EventBus\EventBus.AzureServiceBus\EventBus.AzureServiceBus.csproj", "{5D960AAC-F52B-4FC1-923F-D0DF417D8B1A}"
EndProject
Project("{FAE04EC0-301F-11D3-BF4B-00C04F79EFBC}") = "EventBus.RabbitMQ", "src\BuildingBlocks\EventBus\EventBus.RabbitMQ\EventBus.RabbitMQ.csproj", "{EF027D8F-B799-4571-93DB-8FC6194A4BAE}"
EndProject
Project("{2150E333-8FDC-42A3-9474-1A3956D46DE8}") = "BlazorWebApp", "BlazorWebApp", "{706A0A1D-D7E0-49FA-A7AE-77228ED26D1F}"
EndProject
Project("{FAE04EC0-301F-11D3-BF4B-00C04F79EFBC}") = "WebApp", "src\Clients\BlazorWebApp\WebApp\WebApp.csproj", "{DAAC1BBB-6641-4739-928E-4DF3E2680737}"
EndProject
Project("{2150E333-8FDC-42A3-9474-1A3956D46DE8}") = "BasketService", "BasketService", "{C3411AB2-5968-4165-9F10-C8D9615D70E2}"
EndProject
Project("{FAE04EC0-301F-11D3-BF4B-00C04F79EFBC}") = "BasketService.Api", "src\Services\BasketService\BasketService.Api\BasketService.Api.csproj", "{DBFFF7F8-143F-4BA2-94C5-466DF4899FE7}"
EndProject
Project("{2150E333-8FDC-42A3-9474-1A3956D46DE8}") = "CatalogService", "CatalogService", "{7D98256E-EF50-41FC-AAC4-668E6E2F9EA8}"
EndProject
Project("{FAE04EC0-301F-11D3-BF4B-00C04F79EFBC}") = "CatalogService.Api", "src\Services\CatalogServices\CatalogService.Api\CatalogService.Api.csproj", "{8BC10D89-F790-4951-B043-843659BB6FE7}"
EndProject
Project("{2150E333-8FDC-42A3-9474-1A3956D46DE8}") = "IdentityService", "IdentityService", "{97117EEE-BA38-4B18-9492-B4D39C2F4019}"
EndProject
Project("{FAE04EC0-301F-11D3-BF4B-00C04F79EFBC}") = "IdentityService.Api", "src\Services\IdentityService\IdentityService.Api\IdentityService.Api.csproj", "{362DE8FF-6FC8-4A46-A558-5B8D6A53D79B}"
EndProject
Project("{2150E333-8FDC-42A3-9474-1A3956D46DE8}") = "NotificationService", "NotificationService", "{1C78DE42-6C53-4E8A-8B6B-181E8B67E02F}"
EndProject
Project("{FAE04EC0-301F-11D3-BF4B-00C04F79EFBC}") = "NotificationService", "src\Services\NotificationService\NotificationService\NotificationService.csproj", "{28732346-5BD9-4410-BFFA-6C122ED442DA}"
EndProject
Project("{2150E333-8FDC-42A3-9474-1A3956D46DE8}") = "OrderService", "OrderService", "{0973CA0F-7FAF-4908-A091-FF06840EB1AE}"
EndProject
Project("{FAE04EC0-301F-11D3-BF4B-00C04F79EFBC}") = "OrderService.Domain", "src\Services\OrderService\OrderService.Domain\OrderService.Domain.csproj", "{7744B33B-7BC1-44CF-8FF7-913319BD002F}"
EndProject
Project("{FAE04EC0-301F-11D3-BF4B-00C04F79EFBC}") = "OrderService.Application", "src\Services\OrderService\OrderService.Application\OrderService.Application.csproj", "{CC74DC42-BE63-4511-993A-4A57F40BD0C5}"
EndProject
Project("{FAE04EC0-301F-11D3-BF4B-00C04F79EFBC}") = "OrderService.Infrastructure", "src\Services\OrderService\OrderService.Infrastructure\OrderService.Infrastructure.csproj", "{D64C81E9-CE70-45CF-85F9-76263AD8F9D4}"
EndProject
Project("{FAE04EC0-301F-11D3-BF4B-00C04F79EFBC}") = "OrderService.Api", "src\Services\OrderService\OrderService.Api\OrderService.Api.csproj", "{18C3A899-89A2-4751-AC26-8629F4659947}"
EndProject
Project("{2150E333-8FDC-42A3-9474-1A3956D46DE8}") = "PaymentService", "PaymentService", "{95C26690-027D-4ABF-A985-8561D908C238}"
EndProject
Project("{FAE04EC0-301F-11D3-BF4B-00C04F79EFBC}") = "PaymentService.Api", "src\Services\PaymentService\PaymentService.Api\PaymentService.Api.csproj", "{401BEB5E-A3DD-4554-935C-125A23A5AF0D}"
EndProject
Global
	GlobalSection(SolutionConfigurationPlatforms) = preSolution
		Debug|Any CPU = Debug|Any CPU
		Release|Any CPU = Release|Any CPU
	EndGlobalSection
	GlobalSection(ProjectConfigurationPlatforms) = postSolution
		{0617EC4B-E3B6-4103-8966-16A3AEFC3138}.Debug|Any CPU.ActiveCfg = Debug|Any CPU
		{0617EC4B-E3B6-4103-8966-16A3AEFC3138}.Debug|Any CPU.Build.0 = Debug|Any CPU
		{0617EC4B-E3B6-4103-8966-16A3AEFC3138}.Release|Any CPU.ActiveCfg = Release|Any CPU
		{0617EC4B-E3B6-4103-8966-16A3AEFC3138}.Release|Any CPU.Build.0 = Release|Any CPU
		{520AD01E-357B-4D9E-BB12-7F7C45CA20C0}.Debug|Any CPU.ActiveCfg = Debug|Any CPU
		{520AD01E-357B-4D9E-BB12-7F7C45CA20C0}.Debug|Any CPU.Build.0 = Debug|Any CPU
		{520AD01E-357B-4D9E-BB12-7F7C45CA20C0}.Release|Any CPU.ActiveCfg = Release|Any CPU
		{520AD01E-357B-4D9E-BB12-7F7C45CA20C0}.Release|Any CPU.Build.0 = Release|Any CPU
		{03B6D6A0-AF4C-4791-91AE-DA72BD8F0727}.Debug|Any CPU.ActiveCfg = Debug|Any CPU
		{03B6D6A0-AF4C-4791-91AE-DA72BD8F0727}.Debug|Any CPU.Build.0 = Debug|Any CPU
		{03B6D6A0-AF4C-4791-91AE-DA72BD8F0727}.Release|Any CPU.ActiveCfg = Release|Any CPU
		{03B6D6A0-AF4C-4791-91AE-DA72BD8F0727}.Release|Any CPU.Build.0 = Release|Any CPU
		{5D960AAC-F52B-4FC1-923F-D0DF417D8B1A}.Debug|Any CPU.ActiveCfg = Debug|Any CPU
		{5D960AAC-F52B-4FC1-923F-D0DF417D8B1A}.Debug|Any CPU.Build.0 = Debug|Any CPU
		{5D960AAC-F52B-4FC1-923F-D0DF417D8B1A}.Release|Any CPU.ActiveCfg = Release|Any CPU
		{5D960AAC-F52B-4FC1-923F-D0DF417D8B1A}.Release|Any CPU.Build.0 = Release|Any CPU
		{EF027D8F-B799-4571-93DB-8FC6194A4BAE}.Debug|Any CPU.ActiveCfg = Debug|Any CPU
		{EF027D8F-B799-4571-93DB-8FC6194A4BAE}.Debug|Any CPU.Build.0 = Debug|Any CPU
		{EF027D8F-B799-4571-93DB-8FC6194A4BAE}.Release|Any CPU.ActiveCfg = Release|Any CPU
		{EF027D8F-B799-4571-93DB-8FC6194A4BAE}.Release|Any CPU.Build.0 = Release|Any CPU
		{DAAC1BBB-6641-4739-928E-4DF3E2680737}.Debug|Any CPU.ActiveCfg = Debug|Any CPU
		{DAAC1BBB-6641-4739-928E-4DF3E2680737}.Debug|Any CPU.Build.0 = Debug|Any CPU
		{DAAC1BBB-6641-4739-928E-4DF3E2680737}.Release|Any CPU.ActiveCfg = Release|Any CPU
		{DAAC1BBB-6641-4739-928E-4DF3E2680737}.Release|Any CPU.Build.0 = Release|Any CPU
		{DBFFF7F8-143F-4BA2-94C5-466DF4899FE7}.Debug|Any CPU.ActiveCfg = Debug|Any CPU
		{DBFFF7F8-143F-4BA2-94C5-466DF4899FE7}.Debug|Any CPU.Build.0 = Debug|Any CPU
		{DBFFF7F8-143F-4BA2-94C5-466DF4899FE7}.Release|Any CPU.ActiveCfg = Release|Any CPU
		{DBFFF7F8-143F-4BA2-94C5-466DF4899FE7}.Release|Any CPU.Build.0 = Release|Any CPU
		{8BC10D89-F790-4951-B043-843659BB6FE7}.Debug|Any CPU.ActiveCfg = Debug|Any CPU
		{8BC10D89-F790-4951-B043-843659BB6FE7}.Debug|Any CPU.Build.0 = Debug|Any CPU
		{8BC10D89-F790-4951-B043-843659BB6FE7}.Release|Any CPU.ActiveCfg = Release|Any CPU
		{8BC10D89-F790-4951-B043-843659BB6FE7}.Release|Any CPU.Build.0 = Release|Any CPU
		{362DE8FF-6FC8-4A46-A558-5B8D6A53D79B}.Debug|Any CPU.ActiveCfg = Debug|Any CPU
		{362DE8FF-6FC8-4A46-A558-5B8D6A53D79B}.Debug|Any CPU.Build.0 = Debug|Any CPU
		{362DE8FF-6FC8-4A46-A558-5B8D6A53D79B}.Release|Any CPU.ActiveCfg = Release|Any CPU
		{362DE8FF-6FC8-4A46-A558-5B8D6A53D79B}.Release|Any CPU.Build.0 = Release|Any CPU
		{28732346-5BD9-4410-BFFA-6C122ED442DA}.Debug|Any CPU.ActiveCfg = Debug|Any CPU
		{28732346-5BD9-4410-BFFA-6C122ED442DA}.Debug|Any CPU.Build.0 = Debug|Any CPU
		{28732346-5BD9-4410-BFFA-6C122ED442DA}.Release|Any CPU.ActiveCfg = Release|Any CPU
		{28732346-5BD9-4410-BFFA-6C122ED442DA}.Release|Any CPU.Build.0 = Release|Any CPU
		{7744B33B-7BC1-44CF-8FF7-913319BD002F}.Debug|Any CPU.ActiveCfg = Debug|Any CPU
		{7744B33B-7BC1-44CF-8FF7-913319BD002F}.Debug|Any CPU.Build.0 = Debug|Any CPU
		{7744B33B-7BC1-44CF-8FF7-913319BD002F}.Release|Any CPU.ActiveCfg = Release|Any CPU
		{7744B33B-7BC1-44CF-8FF7-913319BD002F}.Release|Any CPU.Build.0 = Release|Any CPU
		{CC74DC42-BE63-4511-993A-4A57F40BD0C5}.Debug|Any CPU.ActiveCfg = Debug|Any CPU
		{CC74DC42-BE63-4511-993A-4A57F40BD0C5}.Debug|Any CPU.Build.0 = Debug|Any CPU
		{CC74DC42-BE63-4511-993A-4A57F40BD0C5}.Release|Any CPU.ActiveCfg = Release|Any CPU
		{CC74DC42-BE63-4511-993A-4A57F40BD0C5}.Release|Any CPU.Build.0 = Release|Any CPU
		{D64C81E9-CE70-45CF-85F9-76263AD8F9D4}.Debug|Any CPU.ActiveCfg = Debug|Any CPU
		{D64C81E9-CE70-45CF-85F9-76263AD8F9D4}.Debug|Any CPU.Build.0 = Debug|Any CPU
		{D64C81E9-CE70-45CF-85F9-76263AD8F9D4}.Release|Any CPU.ActiveCfg = Release|Any CPU
		{D64C81E9-CE70-45CF-85F9-76263AD8F9D4}.Release|Any CPU.Build.0 = Release|Any CPU
		{18C3A899-89A2-4751-AC26-8629F4659947}.Debug|Any CPU.ActiveCfg = Debug|Any CPU
		{18C3A899-89A2-4751-AC26-8629F4659947}.Debug|Any CPU.Build.0 = Debug|Any CPU
		{18C3A899-89A2-4751-AC26-8629F4659947}.Release|Any CPU.ActiveCfg = Release|Any CPU
		{18C3A899-89A2-4751-AC26-8629F4659947}.Release|Any CPU.Build.0 = Release|Any CPU
		{401BEB5E-A3DD-4554-935C-125A23A5AF0D}.Debug|Any CPU.ActiveCfg = Debug|Any CPU
		{401BEB5E-A3DD-4554-935C-125A23A5AF0D}.Debug|Any CPU.Build.0 = Debug|Any CPU
		{401BEB5E-A3DD-4554-935C-125A23A5AF0D}.Release|Any CPU.ActiveCfg = Release|Any CPU
		{401BEB5E-A3DD-4554-935C-125A23A5AF0D}.Release|Any CPU.Build.0 = Release|Any CPU
	EndGlobalSection
	GlobalSection(SolutionProperties) = preSolution
		HideSolutionNode = FALSE
	EndGlobalSection
	GlobalSection(NestedProjects) = preSolution
		{59B9A98F-486F-4B16-9319-6176FAD268C0} = {C1A762F6-3A2D-469D-800A-8A08E8FDAB84}
		{6D048092-C825-4F5C-8987-485BCB431E7D} = {C1A762F6-3A2D-469D-800A-8A08E8FDAB84}
		{0B761940-9C08-436A-B914-63911762BBF6} = {C1A762F6-3A2D-469D-800A-8A08E8FDAB84}
		{DF551271-DDC6-49E7-B378-F3BAFF393263} = {C1A762F6-3A2D-469D-800A-8A08E8FDAB84}
		{5E501B68-D9BF-4026-894F-0EF81AC7F883} = {59B9A98F-486F-4B16-9319-6176FAD268C0}
		{0617EC4B-E3B6-4103-8966-16A3AEFC3138} = {5E501B68-D9BF-4026-894F-0EF81AC7F883}
		{259A2BF7-19F6-4579-9726-76FAB46FBFAC} = {6D048092-C825-4F5C-8987-485BCB431E7D}
		{520AD01E-357B-4D9E-BB12-7F7C45CA20C0} = {259A2BF7-19F6-4579-9726-76FAB46FBFAC}
		{03B6D6A0-AF4C-4791-91AE-DA72BD8F0727} = {259A2BF7-19F6-4579-9726-76FAB46FBFAC}
		{5D960AAC-F52B-4FC1-923F-D0DF417D8B1A} = {259A2BF7-19F6-4579-9726-76FAB46FBFAC}
		{EF027D8F-B799-4571-93DB-8FC6194A4BAE} = {259A2BF7-19F6-4579-9726-76FAB46FBFAC}
		{706A0A1D-D7E0-49FA-A7AE-77228ED26D1F} = {DF551271-DDC6-49E7-B378-F3BAFF393263}
		{DAAC1BBB-6641-4739-928E-4DF3E2680737} = {706A0A1D-D7E0-49FA-A7AE-77228ED26D1F}
		{C3411AB2-5968-4165-9F10-C8D9615D70E2} = {0B761940-9C08-436A-B914-63911762BBF6}
		{DBFFF7F8-143F-4BA2-94C5-466DF4899FE7} = {C3411AB2-5968-4165-9F10-C8D9615D70E2}
		{7D98256E-EF50-41FC-AAC4-668E6E2F9EA8} = {0B761940-9C08-436A-B914-63911762BBF6}
		{8BC10D89-F790-4951-B043-843659BB6FE7} = {7D98256E-EF50-41FC-AAC4-668E6E2F9EA8}
		{97117EEE-BA38-4B18-9492-B4D39C2F4019} = {0B761940-9C08-436A-B914-63911762BBF6}
		{362DE8FF-6FC8-4A46-A558-5B8D6A53D79B} = {97117EEE-BA38-4B18-9492-B4D39C2F4019}
		{1C78DE42-6C53-4E8A-8B6B-181E8B67E02F} = {0B761940-9C08-436A-B914-63911762BBF6}
		{28732346-5BD9-4410-BFFA-6C122ED442DA} = {1C78DE42-6C53-4E8A-8B6B-181E8B67E02F}
		{0973CA0F-7FAF-4908-A091-FF06840EB1AE} = {0B761940-9C08-436A-B914-63911762BBF6}
		{7744B33B-7BC1-44CF-8FF7-913319BD002F} = {0973CA0F-7FAF-4908-A091-FF06840EB1AE}
		{CC74DC42-BE63-4511-993A-4A57F40BD0C5} = {0973CA0F-7FAF-4908-A091-FF06840EB1AE}
		{D64C81E9-CE70-45CF-85F9-76263AD8F9D4} = {0973CA0F-7FAF-4908-A091-FF06840EB1AE}
		{18C3A899-89A2-4751-AC26-8629F4659947} = {0973CA0F-7FAF-4908-A091-FF06840EB1AE}
		{95C26690-027D-4ABF-A985-8561D908C238} = {0B761940-9C08-436A-B914-63911762BBF6}
		{401BEB5E-A3DD-4554-935C-125A23A5AF0D} = {95C26690-027D-4ABF-A985-8561D908C238}
	EndGlobalSection
	GlobalSection(ExtensibilityGlobals) = postSolution
		SolutionGuid = {D42C617B-94AE-4F88-B796-E50C14A10496}
	EndGlobalSection
EndGlobal
